
Microsoft Visual Studio Solution File, Format Version 12.00
# Visual Studio Version 16
VisualStudioVersion = 16.0.31702.278
MinimumVisualStudioVersion = 10.0.40219.1
Project("{FAE04EC0-301F-11D3-BF4B-00C04F79EFBC}") = "VisualBlackJack", "VisualBlackJack\VisualBlackJack.csproj", "{0288E475-6B69-4E72-A42B-F7175F7E7804}"
EndProject
Global
	GlobalSection(SolutionConfigurationPlatforms) = preSolution
		Debug|Any CPU = Debug|Any CPU
		Release|Any CPU = Release|Any CPU
	EndGlobalSection
	GlobalSection(ProjectConfigurationPlatforms) = postSolution
		{0288E475-6B69-4E72-A42B-F7175F7E7804}.Debug|Any CPU.ActiveCfg = Debug|Any CPU
		{0288E475-6B69-4E72-A42B-F7175F7E7804}.Debug|Any CPU.Build.0 = Debug|Any CPU
		{0288E475-6B69-4E72-A42B-F7175F7E7804}.Release|Any CPU.ActiveCfg = Release|Any CPU
		{0288E475-6B69-4E72-A42B-F7175F7E7804}.Release|Any CPU.Build.0 = Release|Any CPU
	EndGlobalSection
	GlobalSection(SolutionProperties) = preSolution
		HideSolutionNode = FALSE
	EndGlobalSection
	GlobalSection(ExtensibilityGlobals) = postSolution
		SolutionGuid = {2825E4F2-8BBE-465F-BD31-8FD42AE3CE57}
	EndGlobalSection
EndGlobal
